
Microsoft Visual Studio Solution File, Format Version 12.00
# Visual Studio Version 17
VisualStudioVersion = 17.2.32616.157
MinimumVisualStudioVersion = 10.0.40219.1
Project("{FAE04EC0-301F-11D3-BF4B-00C04F79EFBC}") = "GenericCapabilitySample", "GenericCapabilitySample\GenericCapabilitySample.csproj", "{CACABB4B-FB39-496A-A124-47027A2FACB9}"
EndProject
Project("{FAE04EC0-301F-11D3-BF4B-00C04F79EFBC}") = "ForecastingCapabilitySample", "ForecastingCapabilitySample\ForecastingCapabilitySample.csproj", "{078D0F57-EBF5-465B-BC68-2BB105072603}"
EndProject
Project("{FAE04EC0-301F-11D3-BF4B-00C04F79EFBC}") = "AnomalyDetectionCapabilitySample", "AnomalyDetectionCapabilitySample\AnomalyDetectionCapabilitySample.csproj", "{2C7A2086-99E9-41E5-B2E8-9C9F8AD7D720}"
EndProject
Global
	GlobalSection(SolutionConfigurationPlatforms) = preSolution
		Debug|Any CPU = Debug|Any CPU
		Release|Any CPU = Release|Any CPU
	EndGlobalSection
	GlobalSection(ProjectConfigurationPlatforms) = postSolution
		{CACABB4B-FB39-496A-A124-47027A2FACB9}.Debug|Any CPU.ActiveCfg = Debug|Any CPU
		{CACABB4B-FB39-496A-A124-47027A2FACB9}.Debug|Any CPU.Build.0 = Debug|Any CPU
		{CACABB4B-FB39-496A-A124-47027A2FACB9}.Release|Any CPU.ActiveCfg = Release|Any CPU
		{CACABB4B-FB39-496A-A124-47027A2FACB9}.Release|Any CPU.Build.0 = Release|Any CPU
		{078D0F57-EBF5-465B-BC68-2BB105072603}.Debug|Any CPU.ActiveCfg = Debug|Any CPU
		{078D0F57-EBF5-465B-BC68-2BB105072603}.Debug|Any CPU.Build.0 = Debug|Any CPU
		{078D0F57-EBF5-465B-BC68-2BB105072603}.Release|Any CPU.ActiveCfg = Release|Any CPU
		{078D0F57-EBF5-465B-BC68-2BB105072603}.Release|Any CPU.Build.0 = Release|Any CPU
		{2C7A2086-99E9-41E5-B2E8-9C9F8AD7D720}.Debug|Any CPU.ActiveCfg = Debug|Any CPU
		{2C7A2086-99E9-41E5-B2E8-9C9F8AD7D720}.Debug|Any CPU.Build.0 = Debug|Any CPU
		{2C7A2086-99E9-41E5-B2E8-9C9F8AD7D720}.Release|Any CPU.ActiveCfg = Release|Any CPU
		{2C7A2086-99E9-41E5-B2E8-9C9F8AD7D720}.Release|Any CPU.Build.0 = Release|Any CPU
	EndGlobalSection
	GlobalSection(SolutionProperties) = preSolution
		HideSolutionNode = FALSE
	EndGlobalSection
	GlobalSection(ExtensibilityGlobals) = postSolution
		SolutionGuid = {6937C650-E304-48DD-A443-C4428BDF16C1}
	EndGlobalSection
EndGlobal
